
Microsoft Visual Studio Solution File, Format Version 12.00
# Visual Studio Version 17
VisualStudioVersion = 17.1.32421.90
MinimumVisualStudioVersion = 10.0.40219.1
Project("{9A19103F-16F7-4668-BE54-9A1E7A4F7556}") = "RickyAndMorty", "RickyAndMorty\RickyAndMorty.csproj", "{905C5145-1623-41BF-A099-3737FB4F7939}"
EndProject
Project("{9A19103F-16F7-4668-BE54-9A1E7A4F7556}") = "Model", "Model\Model.csproj", "{3A4B457E-AAE7-4BA8-A4F9-8C1AB2075666}"
EndProject
Project("{9A19103F-16F7-4668-BE54-9A1E7A4F7556}") = "Services", "Services\Services.csproj", "{ECF93BC3-C71B-4A74-B540-F128A8CB1A21}"
EndProject
Global
	GlobalSection(SolutionConfigurationPlatforms) = preSolution
		Debug|Any CPU = Debug|Any CPU
		Release|Any CPU = Release|Any CPU
	EndGlobalSection
	GlobalSection(ProjectConfigurationPlatforms) = postSolution
		{905C5145-1623-41BF-A099-3737FB4F7939}.Debug|Any CPU.ActiveCfg = Debug|Any CPU
		{905C5145-1623-41BF-A099-3737FB4F7939}.Debug|Any CPU.Build.0 = Debug|Any CPU
		{905C5145-1623-41BF-A099-3737FB4F7939}.Release|Any CPU.ActiveCfg = Release|Any CPU
		{905C5145-1623-41BF-A099-3737FB4F7939}.Release|Any CPU.Build.0 = Release|Any CPU
		{3A4B457E-AAE7-4BA8-A4F9-8C1AB2075666}.Debug|Any CPU.ActiveCfg = Debug|Any CPU
		{3A4B457E-AAE7-4BA8-A4F9-8C1AB2075666}.Debug|Any CPU.Build.0 = Debug|Any CPU
		{3A4B457E-AAE7-4BA8-A4F9-8C1AB2075666}.Release|Any CPU.ActiveCfg = Release|Any CPU
		{3A4B457E-AAE7-4BA8-A4F9-8C1AB2075666}.Release|Any CPU.Build.0 = Release|Any CPU
		{ECF93BC3-C71B-4A74-B540-F128A8CB1A21}.Debug|Any CPU.ActiveCfg = Debug|Any CPU
		{ECF93BC3-C71B-4A74-B540-F128A8CB1A21}.Debug|Any CPU.Build.0 = Debug|Any CPU
		{ECF93BC3-C71B-4A74-B540-F128A8CB1A21}.Release|Any CPU.ActiveCfg = Release|Any CPU
		{ECF93BC3-C71B-4A74-B540-F128A8CB1A21}.Release|Any CPU.Build.0 = Release|Any CPU
	EndGlobalSection
	GlobalSection(SolutionProperties) = preSolution
		HideSolutionNode = FALSE
	EndGlobalSection
	GlobalSection(ExtensibilityGlobals) = postSolution
		SolutionGuid = {05AC8997-1218-4A9B-A8DE-27B5650D7F4D}
	EndGlobalSection
EndGlobal
